<?xml version="1.0" encoding="utf-8"?>
<Project ToolsVersion="4.0" xmlns="http://schemas.microsoft.com/developer/msbuild/2003">
  <ItemGroup>
    <Filter Include="Source Files">
      <UniqueIdentifier>{4FC737F1-C7A5-4376-A066-2A32D752A2FF}</UniqueIdentifier>
      <Extensions>cpp;c;cc;cxx;def;odl;idl;hpj;bat;asm;asmx</Extensions>
    </Filter>
    <Filter Include="Header Files">
      <UniqueIdentifier>{93995380-89BD-4b04-88EB-625FBE52EBFB}</UniqueIdentifier>
      <Extensions>h;hh;hpp;hxx;hm;inl;inc;xsd</Extensions>
    </Filter>
    <Filter Include="Header Files\IO">
      <UniqueIdentifier>{7891dec1-7a5d-43aa-b9db-4e39f37be305}</UniqueIdentifier>
    </Filter>
    <Filter Include="Header Files\Logic">
      <UniqueIdentifier>{b4e4c252-9562-4cc9-8869-53272e623ace}</UniqueIdentifier>
    </Filter>
    <Filter Include="Header Files\Simulation">
      <UniqueIdentifier>{ead426ef-0096-4e2a-a30e-0348b87feefe}</UniqueIdentifier>
    </Filter>
    <Filter Include="Source Files\IO">
      <UniqueIdentifier>{e9a48fd2-96f3-40a9-b13e-0b7613b06149}</UniqueIdentifier>
    </Filter>
    <Filter Include="Source Files\Simulation">
      <UniqueIdentifier>{6bd79153-18e8-4d26-b842-6d648c426b76}</UniqueIdentifier>
    </Filter>
    <Filter Include="Source Files\Logic">
      <UniqueIdentifier>{bb7ecde1-07f5-404b-b45a-c2d752370624}</UniqueIdentifier>
    </Filter>
    <Filter Include="Header Files\Events">
      <UniqueIdentifier>{500b6ca6-6d3b-46c6-8859-e37a764c9b7e}</UniqueIdentifier>
    </Filter>
  </ItemGroup>
  <ItemGroup>
    <Text Include="ReadMe.txt" />
  </ItemGroup>
  <ItemGroup>
    <ClInclude Include="stdafx.h">
      <Filter>Header Files</Filter>
    </ClInclude>
    <ClInclude Include="targetver.h">
      <Filter>Header Files</Filter>
    </ClInclude>
    <ClInclude Include="StateMachine.h">
      <Filter>Header Files\Logic</Filter>
    </ClInclude>
    <ClInclude Include="aState.h">
      <Filter>Header Files\Logic</Filter>
    </ClInclude>
    <ClInclude Include="TurnLeft.h">
      <Filter>Header Files\Logic</Filter>
    </ClInclude>
    <ClInclude Include="TurnRight.h">
      <Filter>Header Files\Logic</Filter>
    </ClInclude>
    <ClInclude Include="Forward.h">
      <Filter>Header Files\Logic</Filter>
    </ClInclude>
    <ClInclude Include="TurnBack.h">
      <Filter>Header Files\Logic</Filter>
    </ClInclude>
    <ClInclude Include="Parked.h">
      <Filter>Header Files\Logic</Filter>
    </ClInclude>
    <ClInclude Include="IOObj.h">
      <Filter>Header Files\IO</Filter>
    </ClInclude>
    <ClInclude Include="PosSensor.h">
      <Filter>Header Files\IO</Filter>
    </ClInclude>
    <ClInclude Include="Motor.h">
      <Filter>Header Files\IO</Filter>
    </ClInclude>
    <ClInclude Include="WallSensor.h">
      <Filter>Header Files\IO</Filter>
    </ClInclude>
    <ClInclude Include="WallPresence.h">
      <Filter>Header Files\Simulation</Filter>
    </ClInclude>
    <ClInclude Include="Listener.h">
      <Filter>Header Files\Events</Filter>
    </ClInclude>
    <ClInclude Include="Event.h">
      <Filter>Header Files\Events</Filter>
    </ClInclude>
    <ClInclude Include="MazeSim.h">
      <Filter>Header Files</Filter>
    </ClInclude>
    <ClInclude Include="MovementIntegrator.h">
      <Filter>Header Files\Simulation</Filter>
    </ClInclude>
  </ItemGroup>
  <ItemGroup>
    <ClCompile Include="stdafx.cpp">
      <Filter>Source Files</Filter>
    </ClCompile>
    <ClCompile Include="Robot_Sim.cpp">
      <Filter>Source Files</Filter>
    </ClCompile>
    <ClCompile Include="StateMachine.cpp">
      <Filter>Source Files\Logic</Filter>
    </ClCompile>
    <ClCompile Include="AState.cpp">
      <Filter>Source Files\Logic</Filter>
    </ClCompile>
    <ClCompile Include="Forward.cpp">
      <Filter>Source Files\Logic</Filter>
    </ClCompile>
    <ClCompile Include="Parked.cpp">
      <Filter>Source Files\Logic</Filter>
    </ClCompile>
    <ClCompile Include="TurnBack.cpp">
      <Filter>Source Files\Logic</Filter>
    </ClCompile>
    <ClCompile Include="TurnLeft.cpp">
      <Filter>Source Files\Logic</Filter>
    </ClCompile>
    <ClCompile Include="TurnRight.cpp">
      <Filter>Source Files\Logic</Filter>
    </ClCompile>
    <ClCompile Include="IOObj.cpp">
      <Filter>Source Files\IO</Filter>
    </ClCompile>
    <ClCompile Include="Motor.cpp">
      <Filter>Source Files\IO</Filter>
    </ClCompile>
    <ClCompile Include="PosSensor.cpp">
      <Filter>Source Files\IO</Filter>
    </ClCompile>
    <ClCompile Include="WallSensor.cpp">
      <Filter>Source Files\IO</Filter>
    </ClCompile>
    <ClCompile Include="WallPresence.cpp">
      <Filter>Source Files\Simulation</Filter>
    </ClCompile>
    <ClCompile Include="MazeSim.cpp">
      <Filter>Source Files</Filter>
    </ClCompile>
    <ClCompile Include="MovementIntegrator.cpp">
      <Filter>Source Files\Simulation</Filter>
    </ClCompile>
  </ItemGroup>
</Project>